
Microsoft Visual Studio Solution File, Format Version 12.00
# Visual Studio Version 17
VisualStudioVersion = 17.0.32112.339
MinimumVisualStudioVersion = 10.0.40219.1
Project("{9A19103F-16F7-4668-BE54-9A1E7A4F7556}") = "Contracts", "Contracts\Contracts.csproj", "{F3037427-5EB0-464F-86F1-A869A932564E}"
EndProject
Project("{9A19103F-16F7-4668-BE54-9A1E7A4F7556}") = "Entities", "Entities\Entities.csproj", "{E30E9BBE-56A5-47F9-9188-778E2DF4942C}"
EndProject
Project("{9A19103F-16F7-4668-BE54-9A1E7A4F7556}") = "Repository", "Repository\Repository.csproj", "{656FD966-97E4-4822-B84B-C346C69867AA}"
EndProject
Project("{9A19103F-16F7-4668-BE54-9A1E7A4F7556}") = "ApiCsv", "ApiCsv\ApiCsv.csproj", "{6E01E501-4984-44DB-83DE-19049875D293}"
EndProject
Project("{9A19103F-16F7-4668-BE54-9A1E7A4F7556}") = "ApiCsv.Tests", "ApiCsv.Tests\ApiCsv.Tests.csproj", "{1BA1A6C3-43DE-4571-9BB6-AD7C4DDEC03F}"
EndProject
Global
	GlobalSection(SolutionConfigurationPlatforms) = preSolution
		Debug|Any CPU = Debug|Any CPU
		Release|Any CPU = Release|Any CPU
	EndGlobalSection
	GlobalSection(ProjectConfigurationPlatforms) = postSolution
		{F3037427-5EB0-464F-86F1-A869A932564E}.Debug|Any CPU.ActiveCfg = Debug|Any CPU
		{F3037427-5EB0-464F-86F1-A869A932564E}.Debug|Any CPU.Build.0 = Debug|Any CPU
		{F3037427-5EB0-464F-86F1-A869A932564E}.Release|Any CPU.ActiveCfg = Release|Any CPU
		{F3037427-5EB0-464F-86F1-A869A932564E}.Release|Any CPU.Build.0 = Release|Any CPU
		{E30E9BBE-56A5-47F9-9188-778E2DF4942C}.Debug|Any CPU.ActiveCfg = Debug|Any CPU
		{E30E9BBE-56A5-47F9-9188-778E2DF4942C}.Debug|Any CPU.Build.0 = Debug|Any CPU
		{E30E9BBE-56A5-47F9-9188-778E2DF4942C}.Release|Any CPU.ActiveCfg = Release|Any CPU
		{E30E9BBE-56A5-47F9-9188-778E2DF4942C}.Release|Any CPU.Build.0 = Release|Any CPU
		{656FD966-97E4-4822-B84B-C346C69867AA}.Debug|Any CPU.ActiveCfg = Debug|Any CPU
		{656FD966-97E4-4822-B84B-C346C69867AA}.Debug|Any CPU.Build.0 = Debug|Any CPU
		{656FD966-97E4-4822-B84B-C346C69867AA}.Release|Any CPU.ActiveCfg = Release|Any CPU
		{656FD966-97E4-4822-B84B-C346C69867AA}.Release|Any CPU.Build.0 = Release|Any CPU
		{6E01E501-4984-44DB-83DE-19049875D293}.Debug|Any CPU.ActiveCfg = Debug|Any CPU
		{6E01E501-4984-44DB-83DE-19049875D293}.Debug|Any CPU.Build.0 = Debug|Any CPU
		{6E01E501-4984-44DB-83DE-19049875D293}.Release|Any CPU.ActiveCfg = Release|Any CPU
		{6E01E501-4984-44DB-83DE-19049875D293}.Release|Any CPU.Build.0 = Release|Any CPU
		{1BA1A6C3-43DE-4571-9BB6-AD7C4DDEC03F}.Debug|Any CPU.ActiveCfg = Debug|Any CPU
		{1BA1A6C3-43DE-4571-9BB6-AD7C4DDEC03F}.Debug|Any CPU.Build.0 = Debug|Any CPU
		{1BA1A6C3-43DE-4571-9BB6-AD7C4DDEC03F}.Release|Any CPU.ActiveCfg = Release|Any CPU
		{1BA1A6C3-43DE-4571-9BB6-AD7C4DDEC03F}.Release|Any CPU.Build.0 = Release|Any CPU
	EndGlobalSection
	GlobalSection(SolutionProperties) = preSolution
		HideSolutionNode = FALSE
	EndGlobalSection
	GlobalSection(ExtensibilityGlobals) = postSolution
		SolutionGuid = {0976E1C2-11B3-4D27-B215-B05ECC2E5370}
	EndGlobalSection
EndGlobal
